// !$*UTF8*$!
{
	archiveVersion = 1;
	classes = {
	};
	objectVersion = 50;
	objects = {

/* Begin PBXBuildFile section */
		C789007E25E6CCCE00A8E1AA /* I_90_TrailheadsApp.swift in Sources */ = {isa = PBXBuildFile; fileRef = C789007D25E6CCCE00A8E1AA /* I_90_TrailheadsApp.swift */; };
		C789008025E6CCCE00A8E1AA /* ContentView.swift in Sources */ = {isa = PBXBuildFile; fileRef = C789007F25E6CCCE00A8E1AA /* ContentView.swift */; };
		C789008225E6CCD000A8E1AA /* Assets.xcassets in Resources */ = {isa = PBXBuildFile; fileRef = C789008125E6CCD000A8E1AA /* Assets.xcassets */; };
		C789008525E6CCD000A8E1AA /* Preview Assets.xcassets in Resources */ = {isa = PBXBuildFile; fileRef = C789008425E6CCD000A8E1AA /* Preview Assets.xcassets */; };
		C789009025E6CCD000A8E1AA /* I_90_TrailheadsTests.swift in Sources */ = {isa = PBXBuildFile; fileRef = C789008F25E6CCD000A8E1AA /* I_90_TrailheadsTests.swift */; };
		C789009B25E6CCD000A8E1AA /* I_90_TrailheadsUITests.swift in Sources */ = {isa = PBXBuildFile; fileRef = C789009A25E6CCD000A8E1AA /* I_90_TrailheadsUITests.swift */; };
		C78900C025E6CE0300A8E1AA /* final_trailheads.json in Resources */ = {isa = PBXBuildFile; fileRef = C78900B525E6CE0300A8E1AA /* final_trailheads.json */; };
		C78900C125E6CE0300A8E1AA /* TrailheadList.swift in Sources */ = {isa = PBXBuildFile; fileRef = C78900B725E6CE0300A8E1AA /* TrailheadList.swift */; };
		C78900C225E6CE0300A8E1AA /* About.swift in Sources */ = {isa = PBXBuildFile; fileRef = C78900B825E6CE0300A8E1AA /* About.swift */; };
		C78900C325E6CE0300A8E1AA /* TrailheadRow.swift in Sources */ = {isa = PBXBuildFile; fileRef = C78900B925E6CE0300A8E1AA /* TrailheadRow.swift */; };
		C78900C425E6CE0300A8E1AA /* AllTrailheadsMapView.swift in Sources */ = {isa = PBXBuildFile; fileRef = C78900BA25E6CE0300A8E1AA /* AllTrailheadsMapView.swift */; };
		C78900C525E6CE0300A8E1AA /* TrailheadMapView.swift in Sources */ = {isa = PBXBuildFile; fileRef = C78900BB25E6CE0300A8E1AA /* TrailheadMapView.swift */; };
		C78900C725E6CE0300A8E1AA /* TrailheadInfo.swift in Sources */ = {isa = PBXBuildFile; fileRef = C78900BD25E6CE0300A8E1AA /* TrailheadInfo.swift */; };
		C78900C825E6CE0300A8E1AA /* OpenInMaps.swift in Sources */ = {isa = PBXBuildFile; fileRef = C78900BF25E6CE0300A8E1AA /* OpenInMaps.swift */; };
		C78900DC25E6D0BE00A8E1AA /* Trailhead.swift in Sources */ = {isa = PBXBuildFile; fileRef = C78900DA25E6D0BE00A8E1AA /* Trailhead.swift */; };
		C78900DD25E6D0BE00A8E1AA /* ModelData.swift in Sources */ = {isa = PBXBuildFile; fileRef = C78900DB25E6D0BE00A8E1AA /* ModelData.swift */; };
		C7A7559E25E6DE960044D336 /* LocationManager.swift in Sources */ = {isa = PBXBuildFile; fileRef = C7A7559D25E6DE960044D336 /* LocationManager.swift */; };
		C7A755A325E6DEED0044D336 /* GPSView.swift in Sources */ = {isa = PBXBuildFile; fileRef = C7A755A225E6DEED0044D336 /* GPSView.swift */; };
		C7A755A825E6E2230044D336 /* TruncateDouble.swift in Sources */ = {isa = PBXBuildFile; fileRef = C7A755A725E6E2230044D336 /* TruncateDouble.swift */; };
		C7A755B925E6F3550044D336 /* ListSeparator.swift in Sources */ = {isa = PBXBuildFile; fileRef = C7A755B825E6F3550044D336 /* ListSeparator.swift */; };
		C7A755BE25E6F4110044D336 /* AltTrailheadList.swift in Sources */ = {isa = PBXBuildFile; fileRef = C7A755BD25E6F4110044D336 /* AltTrailheadList.swift */; };
		C7A755C325E6F6290044D336 /* AltTrailheadRow.swift in Sources */ = {isa = PBXBuildFile; fileRef = C7A755C225E6F6290044D336 /* AltTrailheadRow.swift */; };
/* End PBXBuildFile section */

/* Begin PBXContainerItemProxy section */
		C789008C25E6CCD000A8E1AA /* PBXContainerItemProxy */ = {
			isa = PBXContainerItemProxy;
			containerPortal = C789007225E6CCCE00A8E1AA /* Project object */;
			proxyType = 1;
			remoteGlobalIDString = C789007925E6CCCE00A8E1AA;
			remoteInfo = "I-90 Trailheads";
		};
		C789009725E6CCD000A8E1AA /* PBXContainerItemProxy */ = {
			isa = PBXContainerItemProxy;
			containerPortal = C789007225E6CCCE00A8E1AA /* Project object */;
			proxyType = 1;
			remoteGlobalIDString = C789007925E6CCCE00A8E1AA;
			remoteInfo = "I-90 Trailheads";
		};
/* End PBXContainerItemProxy section */

/* Begin PBXFileReference section */
		C789007A25E6CCCE00A8E1AA /* I-90 Trailheads.app */ = {isa = PBXFileReference; explicitFileType = wrapper.application; includeInIndex = 0; path = "I-90 Trailheads.app"; sourceTree = BUILT_PRODUCTS_DIR; };
		C789007D25E6CCCE00A8E1AA /* I_90_TrailheadsApp.swift */ = {isa = PBXFileReference; lastKnownFileType = sourcecode.swift; path = I_90_TrailheadsApp.swift; sourceTree = "<group>"; };
		C789007F25E6CCCE00A8E1AA /* ContentView.swift */ = {isa = PBXFileReference; lastKnownFileType = sourcecode.swift; path = ContentView.swift; sourceTree = "<group>"; };
		C789008125E6CCD000A8E1AA /* Assets.xcassets */ = {isa = PBXFileReference; lastKnownFileType = folder.assetcatalog; path = Assets.xcassets; sourceTree = "<group>"; };
		C789008425E6CCD000A8E1AA /* Preview Assets.xcassets */ = {isa = PBXFileReference; lastKnownFileType = folder.assetcatalog; path = "Preview Assets.xcassets"; sourceTree = "<group>"; };
		C789008625E6CCD000A8E1AA /* Info.plist */ = {isa = PBXFileReference; lastKnownFileType = text.plist.xml; path = Info.plist; sourceTree = "<group>"; };
		C789008B25E6CCD000A8E1AA /* I-90 TrailheadsTests.xctest */ = {isa = PBXFileReference; explicitFileType = wrapper.cfbundle; includeInIndex = 0; path = "I-90 TrailheadsTests.xctest"; sourceTree = BUILT_PRODUCTS_DIR; };
		C789008F25E6CCD000A8E1AA /* I_90_TrailheadsTests.swift */ = {isa = PBXFileReference; lastKnownFileType = sourcecode.swift; path = I_90_TrailheadsTests.swift; sourceTree = "<group>"; };
		C789009125E6CCD000A8E1AA /* Info.plist */ = {isa = PBXFileReference; lastKnownFileType = text.plist.xml; path = Info.plist; sourceTree = "<group>"; };
		C789009625E6CCD000A8E1AA /* I-90 TrailheadsUITests.xctest */ = {isa = PBXFileReference; explicitFileType = wrapper.cfbundle; includeInIndex = 0; path = "I-90 TrailheadsUITests.xctest"; sourceTree = BUILT_PRODUCTS_DIR; };
		C789009A25E6CCD000A8E1AA /* I_90_TrailheadsUITests.swift */ = {isa = PBXFileReference; lastKnownFileType = sourcecode.swift; path = I_90_TrailheadsUITests.swift; sourceTree = "<group>"; };
		C789009C25E6CCD000A8E1AA /* Info.plist */ = {isa = PBXFileReference; lastKnownFileType = text.plist.xml; path = Info.plist; sourceTree = "<group>"; };
		C78900B525E6CE0300A8E1AA /* final_trailheads.json */ = {isa = PBXFileReference; fileEncoding = 4; lastKnownFileType = text.json; path = final_trailheads.json; sourceTree = "<group>"; };
		C78900B725E6CE0300A8E1AA /* TrailheadList.swift */ = {isa = PBXFileReference; fileEncoding = 4; lastKnownFileType = sourcecode.swift; path = TrailheadList.swift; sourceTree = "<group>"; };
		C78900B825E6CE0300A8E1AA /* About.swift */ = {isa = PBXFileReference; fileEncoding = 4; lastKnownFileType = sourcecode.swift; path = About.swift; sourceTree = "<group>"; };
		C78900B925E6CE0300A8E1AA /* TrailheadRow.swift */ = {isa = PBXFileReference; fileEncoding = 4; lastKnownFileType = sourcecode.swift; path = TrailheadRow.swift; sourceTree = "<group>"; };
		C78900BA25E6CE0300A8E1AA /* AllTrailheadsMapView.swift */ = {isa = PBXFileReference; fileEncoding = 4; lastKnownFileType = sourcecode.swift; path = AllTrailheadsMapView.swift; sourceTree = "<group>"; };
		C78900BB25E6CE0300A8E1AA /* TrailheadMapView.swift */ = {isa = PBXFileReference; fileEncoding = 4; lastKnownFileType = sourcecode.swift; path = TrailheadMapView.swift; sourceTree = "<group>"; };
		C78900BD25E6CE0300A8E1AA /* TrailheadInfo.swift */ = {isa = PBXFileReference; fileEncoding = 4; lastKnownFileType = sourcecode.swift; path = TrailheadInfo.swift; sourceTree = "<group>"; };
		C78900BF25E6CE0300A8E1AA /* OpenInMaps.swift */ = {isa = PBXFileReference; fileEncoding = 4; lastKnownFileType = sourcecode.swift; path = OpenInMaps.swift; sourceTree = "<group>"; };
		C78900DA25E6D0BE00A8E1AA /* Trailhead.swift */ = {isa = PBXFileReference; fileEncoding = 4; lastKnownFileType = sourcecode.swift; path = Trailhead.swift; sourceTree = "<group>"; };
		C78900DB25E6D0BE00A8E1AA /* ModelData.swift */ = {isa = PBXFileReference; fileEncoding = 4; lastKnownFileType = sourcecode.swift; path = ModelData.swift; sourceTree = "<group>"; };
		C7A7559D25E6DE960044D336 /* LocationManager.swift */ = {isa = PBXFileReference; lastKnownFileType = sourcecode.swift; path = LocationManager.swift; sourceTree = "<group>"; };
		C7A755A225E6DEED0044D336 /* GPSView.swift */ = {isa = PBXFileReference; lastKnownFileType = sourcecode.swift; path = GPSView.swift; sourceTree = "<group>"; };
		C7A755A725E6E2230044D336 /* TruncateDouble.swift */ = {isa = PBXFileReference; lastKnownFileType = sourcecode.swift; path = TruncateDouble.swift; sourceTree = "<group>"; };
		C7A755B825E6F3550044D336 /* ListSeparator.swift */ = {isa = PBXFileReference; lastKnownFileType = sourcecode.swift; path = ListSeparator.swift; sourceTree = "<group>"; };
		C7A755BD25E6F4110044D336 /* AltTrailheadList.swift */ = {isa = PBXFileReference; lastKnownFileType = sourcecode.swift; path = AltTrailheadList.swift; sourceTree = "<group>"; };
		C7A755C225E6F6290044D336 /* AltTrailheadRow.swift */ = {isa = PBXFileReference; lastKnownFileType = sourcecode.swift; path = AltTrailheadRow.swift; sourceTree = "<group>"; };
		C7A755ED25E72BCF0044D336 /* I-90 Trailheads copy-Info.plist */ = {isa = PBXFileReference; lastKnownFileType = text.plist.xml; name = "I-90 Trailheads copy-Info.plist"; path = "/Users/michaelpeterswa/Documents/code/I-90 Trailheads/I-90 Trailheads copy-Info.plist"; sourceTree = "<absolute>"; };
/* End PBXFileReference section */

/* Begin PBXFrameworksBuildPhase section */
		C789007725E6CCCE00A8E1AA /* Frameworks */ = {
			isa = PBXFrameworksBuildPhase;
			buildActionMask = 2147483647;
			files = (
			);
			runOnlyForDeploymentPostprocessing = 0;
		};
		C789008825E6CCD000A8E1AA /* Frameworks */ = {
			isa = PBXFrameworksBuildPhase;
			buildActionMask = 2147483647;
			files = (
			);
			runOnlyForDeploymentPostprocessing = 0;
		};
		C789009325E6CCD000A8E1AA /* Frameworks */ = {
			isa = PBXFrameworksBuildPhase;
			buildActionMask = 2147483647;
			files = (
			);
			runOnlyForDeploymentPostprocessing = 0;
		};
/* End PBXFrameworksBuildPhase section */

/* Begin PBXGroup section */
		C789007125E6CCCE00A8E1AA = {
			isa = PBXGroup;
			children = (
				C789007C25E6CCCE00A8E1AA /* I-90 Trailheads */,
				C789008E25E6CCD000A8E1AA /* I-90 TrailheadsTests */,
				C789009925E6CCD000A8E1AA /* I-90 TrailheadsUITests */,
				C789007B25E6CCCE00A8E1AA /* Products */,
				C7A755ED25E72BCF0044D336 /* I-90 Trailheads copy-Info.plist */,
			);
			sourceTree = "<group>";
		};
		C789007B25E6CCCE00A8E1AA /* Products */ = {
			isa = PBXGroup;
			children = (
				C789007A25E6CCCE00A8E1AA /* I-90 Trailheads.app */,
				C789008B25E6CCD000A8E1AA /* I-90 TrailheadsTests.xctest */,
				C789009625E6CCD000A8E1AA /* I-90 TrailheadsUITests.xctest */,
			);
			name = Products;
			sourceTree = "<group>";
		};
		C789007C25E6CCCE00A8E1AA /* I-90 Trailheads */ = {
			isa = PBXGroup;
			children = (
				C78900D925E6D0BE00A8E1AA /* Models */,
				C78900B425E6CE0300A8E1AA /* Resources */,
				C78900BE25E6CE0300A8E1AA /* Utilities */,
				C78900B625E6CE0300A8E1AA /* Views */,
				C789007D25E6CCCE00A8E1AA /* I_90_TrailheadsApp.swift */,
				C789008125E6CCD000A8E1AA /* Assets.xcassets */,
				C789008625E6CCD000A8E1AA /* Info.plist */,
				C789008325E6CCD000A8E1AA /* Preview Content */,
			);
			path = "I-90 Trailheads";
			sourceTree = "<group>";
		};
		C789008325E6CCD000A8E1AA /* Preview Content */ = {
			isa = PBXGroup;
			children = (
				C789008425E6CCD000A8E1AA /* Preview Assets.xcassets */,
			);
			path = "Preview Content";
			sourceTree = "<group>";
		};
		C789008E25E6CCD000A8E1AA /* I-90 TrailheadsTests */ = {
			isa = PBXGroup;
			children = (
				C789008F25E6CCD000A8E1AA /* I_90_TrailheadsTests.swift */,
				C789009125E6CCD000A8E1AA /* Info.plist */,
			);
			path = "I-90 TrailheadsTests";
			sourceTree = "<group>";
		};
		C789009925E6CCD000A8E1AA /* I-90 TrailheadsUITests */ = {
			isa = PBXGroup;
			children = (
				C789009A25E6CCD000A8E1AA /* I_90_TrailheadsUITests.swift */,
				C789009C25E6CCD000A8E1AA /* Info.plist */,
			);
			path = "I-90 TrailheadsUITests";
			sourceTree = "<group>";
		};
		C78900B425E6CE0300A8E1AA /* Resources */ = {
			isa = PBXGroup;
			children = (
				C78900B525E6CE0300A8E1AA /* final_trailheads.json */,
			);
			name = Resources;
			path = "I-90 Trailheads/Resources";
			sourceTree = SOURCE_ROOT;
		};
		C78900B625E6CE0300A8E1AA /* Views */ = {
			isa = PBXGroup;
			children = (
				C789007F25E6CCCE00A8E1AA /* ContentView.swift */,
				C78900B725E6CE0300A8E1AA /* TrailheadList.swift */,
				C78900B825E6CE0300A8E1AA /* About.swift */,
				C78900B925E6CE0300A8E1AA /* TrailheadRow.swift */,
				C78900BA25E6CE0300A8E1AA /* AllTrailheadsMapView.swift */,
				C78900BB25E6CE0300A8E1AA /* TrailheadMapView.swift */,
				C78900BD25E6CE0300A8E1AA /* TrailheadInfo.swift */,
				C7A755A225E6DEED0044D336 /* GPSView.swift */,
				C7A755BD25E6F4110044D336 /* AltTrailheadList.swift */,
				C7A755C225E6F6290044D336 /* AltTrailheadRow.swift */,
			);
			name = Views;
			path = "I-90 Trailheads/Views";
			sourceTree = SOURCE_ROOT;
		};
		C78900BE25E6CE0300A8E1AA /* Utilities */ = {
			isa = PBXGroup;
			children = (
				C78900BF25E6CE0300A8E1AA /* OpenInMaps.swift */,
				C7A7559D25E6DE960044D336 /* LocationManager.swift */,
				C7A755A725E6E2230044D336 /* TruncateDouble.swift */,
				C7A755B825E6F3550044D336 /* ListSeparator.swift */,
			);
			name = Utilities;
			path = "I-90 Trailheads/Utilities";
			sourceTree = SOURCE_ROOT;
		};
		C78900D925E6D0BE00A8E1AA /* Models */ = {
			isa = PBXGroup;
			children = (
				C78900DA25E6D0BE00A8E1AA /* Trailhead.swift */,
				C78900DB25E6D0BE00A8E1AA /* ModelData.swift */,
			);
			path = Models;
			sourceTree = "<group>";
		};
/* End PBXGroup section */

/* Begin PBXNativeTarget section */
		C789007925E6CCCE00A8E1AA /* I-90 Trailheads */ = {
			isa = PBXNativeTarget;
			buildConfigurationList = C789009F25E6CCD000A8E1AA /* Build configuration list for PBXNativeTarget "I-90 Trailheads" */;
			buildPhases = (
				C789007625E6CCCE00A8E1AA /* Sources */,
				C789007725E6CCCE00A8E1AA /* Frameworks */,
				C789007825E6CCCE00A8E1AA /* Resources */,
			);
			buildRules = (
			);
			dependencies = (
			);
			name = "I-90 Trailheads";
			productName = "I-90 Trailheads";
			productReference = C789007A25E6CCCE00A8E1AA /* I-90 Trailheads.app */;
			productType = "com.apple.product-type.application";
		};
		C789008A25E6CCD000A8E1AA /* I-90 TrailheadsTests */ = {
			isa = PBXNativeTarget;
			buildConfigurationList = C78900A225E6CCD000A8E1AA /* Build configuration list for PBXNativeTarget "I-90 TrailheadsTests" */;
			buildPhases = (
				C789008725E6CCD000A8E1AA /* Sources */,
				C789008825E6CCD000A8E1AA /* Frameworks */,
				C789008925E6CCD000A8E1AA /* Resources */,
			);
			buildRules = (
			);
			dependencies = (
				C789008D25E6CCD000A8E1AA /* PBXTargetDependency */,
			);
			name = "I-90 TrailheadsTests";
			productName = "I-90 TrailheadsTests";
			productReference = C789008B25E6CCD000A8E1AA /* I-90 TrailheadsTests.xctest */;
			productType = "com.apple.product-type.bundle.unit-test";
		};
		C789009525E6CCD000A8E1AA /* I-90 TrailheadsUITests */ = {
			isa = PBXNativeTarget;
			buildConfigurationList = C78900A525E6CCD000A8E1AA /* Build configuration list for PBXNativeTarget "I-90 TrailheadsUITests" */;
			buildPhases = (
				C789009225E6CCD000A8E1AA /* Sources */,
				C789009325E6CCD000A8E1AA /* Frameworks */,
				C789009425E6CCD000A8E1AA /* Resources */,
			);
			buildRules = (
			);
			dependencies = (
				C789009825E6CCD000A8E1AA /* PBXTargetDependency */,
			);
			name = "I-90 TrailheadsUITests";
			productName = "I-90 TrailheadsUITests";
			productReference = C789009625E6CCD000A8E1AA /* I-90 TrailheadsUITests.xctest */;
			productType = "com.apple.product-type.bundle.ui-testing";
		};
/* End PBXNativeTarget section */

/* Begin PBXProject section */
		C789007225E6CCCE00A8E1AA /* Project object */ = {
			isa = PBXProject;
			attributes = {
				LastSwiftUpdateCheck = 1240;
				LastUpgradeCheck = 1240;
				TargetAttributes = {
					C789007925E6CCCE00A8E1AA = {
						CreatedOnToolsVersion = 12.4;
					};
					C789008A25E6CCD000A8E1AA = {
						CreatedOnToolsVersion = 12.4;
						TestTargetID = C789007925E6CCCE00A8E1AA;
					};
					C789009525E6CCD000A8E1AA = {
						CreatedOnToolsVersion = 12.4;
						TestTargetID = C789007925E6CCCE00A8E1AA;
					};
				};
			};
			buildConfigurationList = C789007525E6CCCE00A8E1AA /* Build configuration list for PBXProject "I-90 Trailheads" */;
			compatibilityVersion = "Xcode 9.3";
			developmentRegion = en;
			hasScannedForEncodings = 0;
			knownRegions = (
				en,
				Base,
			);
			mainGroup = C789007125E6CCCE00A8E1AA;
			productRefGroup = C789007B25E6CCCE00A8E1AA /* Products */;
			projectDirPath = "";
			projectRoot = "";
			targets = (
				C789007925E6CCCE00A8E1AA /* I-90 Trailheads */,
				C789008A25E6CCD000A8E1AA /* I-90 TrailheadsTests */,
				C789009525E6CCD000A8E1AA /* I-90 TrailheadsUITests */,
			);
		};
/* End PBXProject section */

/* Begin PBXResourcesBuildPhase section */
		C789007825E6CCCE00A8E1AA /* Resources */ = {
			isa = PBXResourcesBuildPhase;
			buildActionMask = 2147483647;
			files = (
				C789008525E6CCD000A8E1AA /* Preview Assets.xcassets in Resources */,
				C789008225E6CCD000A8E1AA /* Assets.xcassets in Resources */,
				C78900C025E6CE0300A8E1AA /* final_trailheads.json in Resources */,
			);
			runOnlyForDeploymentPostprocessing = 0;
		};
		C789008925E6CCD000A8E1AA /* Resources */ = {
			isa = PBXResourcesBuildPhase;
			buildActionMask = 2147483647;
			files = (
			);
			runOnlyForDeploymentPostprocessing = 0;
		};
		C789009425E6CCD000A8E1AA /* Resources */ = {
			isa = PBXResourcesBuildPhase;
			buildActionMask = 2147483647;
			files = (
			);
			runOnlyForDeploymentPostprocessing = 0;
		};
/* End PBXResourcesBuildPhase section */

/* Begin PBXSourcesBuildPhase section */
		C789007625E6CCCE00A8E1AA /* Sources */ = {
			isa = PBXSourcesBuildPhase;
			buildActionMask = 2147483647;
			files = (
				C78900C425E6CE0300A8E1AA /* AllTrailheadsMapView.swift in Sources */,
				C7A755A325E6DEED0044D336 /* GPSView.swift in Sources */,
				C789008025E6CCCE00A8E1AA /* ContentView.swift in Sources */,
				C78900C225E6CE0300A8E1AA /* About.swift in Sources */,
				C78900C525E6CE0300A8E1AA /* TrailheadMapView.swift in Sources */,
				C789007E25E6CCCE00A8E1AA /* I_90_TrailheadsApp.swift in Sources */,
				C7A755B925E6F3550044D336 /* ListSeparator.swift in Sources */,
				C78900C725E6CE0300A8E1AA /* TrailheadInfo.swift in Sources */,
				C78900DC25E6D0BE00A8E1AA /* Trailhead.swift in Sources */,
				C7A755C325E6F6290044D336 /* AltTrailheadRow.swift in Sources */,
				C78900DD25E6D0BE00A8E1AA /* ModelData.swift in Sources */,
				C7A7559E25E6DE960044D336 /* LocationManager.swift in Sources */,
				C78900C825E6CE0300A8E1AA /* OpenInMaps.swift in Sources */,
				C7A755BE25E6F4110044D336 /* AltTrailheadList.swift in Sources */,
				C78900C125E6CE0300A8E1AA /* TrailheadList.swift in Sources */,
				C7A755A825E6E2230044D336 /* TruncateDouble.swift in Sources */,
				C78900C325E6CE0300A8E1AA /* TrailheadRow.swift in Sources */,
			);
			runOnlyForDeploymentPostprocessing = 0;
		};
		C789008725E6CCD000A8E1AA /* Sources */ = {
			isa = PBXSourcesBuildPhase;
			buildActionMask = 2147483647;
			files = (
				C789009025E6CCD000A8E1AA /* I_90_TrailheadsTests.swift in Sources */,
			);
			runOnlyForDeploymentPostprocessing = 0;
		};
		C789009225E6CCD000A8E1AA /* Sources */ = {
			isa = PBXSourcesBuildPhase;
			buildActionMask = 2147483647;
			files = (
				C789009B25E6CCD000A8E1AA /* I_90_TrailheadsUITests.swift in Sources */,
			);
			runOnlyForDeploymentPostprocessing = 0;
		};
/* End PBXSourcesBuildPhase section */

/* Begin PBXTargetDependency section */
		C789008D25E6CCD000A8E1AA /* PBXTargetDependency */ = {
			isa = PBXTargetDependency;
			target = C789007925E6CCCE00A8E1AA /* I-90 Trailheads */;
			targetProxy = C789008C25E6CCD000A8E1AA /* PBXContainerItemProxy */;
		};
		C789009825E6CCD000A8E1AA /* PBXTargetDependency */ = {
			isa = PBXTargetDependency;
			target = C789007925E6CCCE00A8E1AA /* I-90 Trailheads */;
			targetProxy = C789009725E6CCD000A8E1AA /* PBXContainerItemProxy */;
		};
/* End PBXTargetDependency section */

/* Begin XCBuildConfiguration section */
		C789009D25E6CCD000A8E1AA /* Debug */ = {
			isa = XCBuildConfiguration;
			buildSettings = {
				ALWAYS_SEARCH_USER_PATHS = NO;
				CLANG_ANALYZER_NONNULL = YES;
				CLANG_ANALYZER_NUMBER_OBJECT_CONVERSION = YES_AGGRESSIVE;
				CLANG_CXX_LANGUAGE_STANDARD = "gnu++14";
				CLANG_CXX_LIBRARY = "libc++";
				CLANG_ENABLE_MODULES = YES;
				CLANG_ENABLE_OBJC_ARC = YES;
				CLANG_ENABLE_OBJC_WEAK = YES;
				CLANG_WARN_BLOCK_CAPTURE_AUTORELEASING = YES;
				CLANG_WARN_BOOL_CONVERSION = YES;
				CLANG_WARN_COMMA = YES;
				CLANG_WARN_CONSTANT_CONVERSION = YES;
				CLANG_WARN_DEPRECATED_OBJC_IMPLEMENTATIONS = YES;
				CLANG_WARN_DIRECT_OBJC_ISA_USAGE = YES_ERROR;
				CLANG_WARN_DOCUMENTATION_COMMENTS = YES;
				CLANG_WARN_EMPTY_BODY = YES;
				CLANG_WARN_ENUM_CONVERSION = YES;
				CLANG_WARN_INFINITE_RECURSION = YES;
				CLANG_WARN_INT_CONVERSION = YES;
				CLANG_WARN_NON_LITERAL_NULL_CONVERSION = YES;
				CLANG_WARN_OBJC_IMPLICIT_RETAIN_SELF = YES;
				CLANG_WARN_OBJC_LITERAL_CONVERSION = YES;
				CLANG_WARN_OBJC_ROOT_CLASS = YES_ERROR;
				CLANG_WARN_QUOTED_INCLUDE_IN_FRAMEWORK_HEADER = YES;
				CLANG_WARN_RANGE_LOOP_ANALYSIS = YES;
				CLANG_WARN_STRICT_PROTOTYPES = YES;
				CLANG_WARN_SUSPICIOUS_MOVE = YES;
				CLANG_WARN_UNGUARDED_AVAILABILITY = YES_AGGRESSIVE;
				CLANG_WARN_UNREACHABLE_CODE = YES;
				CLANG_WARN__DUPLICATE_METHOD_MATCH = YES;
				COPY_PHASE_STRIP = NO;
				DEBUG_INFORMATION_FORMAT = dwarf;
				ENABLE_STRICT_OBJC_MSGSEND = YES;
				ENABLE_TESTABILITY = YES;
				GCC_C_LANGUAGE_STANDARD = gnu11;
				GCC_DYNAMIC_NO_PIC = NO;
				GCC_NO_COMMON_BLOCKS = YES;
				GCC_OPTIMIZATION_LEVEL = 0;
				GCC_PREPROCESSOR_DEFINITIONS = (
					"DEBUG=1",
					"$(inherited)",
				);
				GCC_WARN_64_TO_32_BIT_CONVERSION = YES;
				GCC_WARN_ABOUT_RETURN_TYPE = YES_ERROR;
				GCC_WARN_UNDECLARED_SELECTOR = YES;
				GCC_WARN_UNINITIALIZED_AUTOS = YES_AGGRESSIVE;
				GCC_WARN_UNUSED_FUNCTION = YES;
				GCC_WARN_UNUSED_VARIABLE = YES;
				IPHONEOS_DEPLOYMENT_TARGET = 14.4;
				MTL_ENABLE_DEBUG_INFO = INCLUDE_SOURCE;
				MTL_FAST_MATH = YES;
				ONLY_ACTIVE_ARCH = YES;
				SDKROOT = iphoneos;
				SWIFT_ACTIVE_COMPILATION_CONDITIONS = DEBUG;
				SWIFT_OPTIMIZATION_LEVEL = "-Onone";
			};
			name = Debug;
		};
		C789009E25E6CCD000A8E1AA /* Release */ = {
			isa = XCBuildConfiguration;
			buildSettings = {
				ALWAYS_SEARCH_USER_PATHS = NO;
				CLANG_ANALYZER_NONNULL = YES;
				CLANG_ANALYZER_NUMBER_OBJECT_CONVERSION = YES_AGGRESSIVE;
				CLANG_CXX_LANGUAGE_STANDARD = "gnu++14";
				CLANG_CXX_LIBRARY = "libc++";
				CLANG_ENABLE_MODULES = YES;
				CLANG_ENABLE_OBJC_ARC = YES;
				CLANG_ENABLE_OBJC_WEAK = YES;
				CLANG_WARN_BLOCK_CAPTURE_AUTORELEASING = YES;
				CLANG_WARN_BOOL_CONVERSION = YES;
				CLANG_WARN_COMMA = YES;
				CLANG_WARN_CONSTANT_CONVERSION = YES;
				CLANG_WARN_DEPRECATED_OBJC_IMPLEMENTATIONS = YES;
				CLANG_WARN_DIRECT_OBJC_ISA_USAGE = YES_ERROR;
				CLANG_WARN_DOCUMENTATION_COMMENTS = YES;
				CLANG_WARN_EMPTY_BODY = YES;
				CLANG_WARN_ENUM_CONVERSION = YES;
				CLANG_WARN_INFINITE_RECURSION = YES;
				CLANG_WARN_INT_CONVERSION = YES;
				CLANG_WARN_NON_LITERAL_NULL_CONVERSION = YES;
				CLANG_WARN_OBJC_IMPLICIT_RETAIN_SELF = YES;
				CLANG_WARN_OBJC_LITERAL_CONVERSION = YES;
				CLANG_WARN_OBJC_ROOT_CLASS = YES_ERROR;
				CLANG_WARN_QUOTED_INCLUDE_IN_FRAMEWORK_HEADER = YES;
				CLANG_WARN_RANGE_LOOP_ANALYSIS = YES;
				CLANG_WARN_STRICT_PROTOTYPES = YES;
				CLANG_WARN_SUSPICIOUS_MOVE = YES;
				CLANG_WARN_UNGUARDED_AVAILABILITY = YES_AGGRESSIVE;
				CLANG_WARN_UNREACHABLE_CODE = YES;
				CLANG_WARN__DUPLICATE_METHOD_MATCH = YES;
				COPY_PHASE_STRIP = NO;
				DEBUG_INFORMATION_FORMAT = "dwarf-with-dsym";
				ENABLE_NS_ASSERTIONS = NO;
				ENABLE_STRICT_OBJC_MSGSEND = YES;
				GCC_C_LANGUAGE_STANDARD = gnu11;
				GCC_NO_COMMON_BLOCKS = YES;
				GCC_WARN_64_TO_32_BIT_CONVERSION = YES;
				GCC_WARN_ABOUT_RETURN_TYPE = YES_ERROR;
				GCC_WARN_UNDECLARED_SELECTOR = YES;
				GCC_WARN_UNINITIALIZED_AUTOS = YES_AGGRESSIVE;
				GCC_WARN_UNUSED_FUNCTION = YES;
				GCC_WARN_UNUSED_VARIABLE = YES;
				IPHONEOS_DEPLOYMENT_TARGET = 14.4;
				MTL_ENABLE_DEBUG_INFO = NO;
				MTL_FAST_MATH = YES;
				SDKROOT = iphoneos;
				SWIFT_COMPILATION_MODE = wholemodule;
				SWIFT_OPTIMIZATION_LEVEL = "-O";
				VALIDATE_PRODUCT = YES;
			};
			name = Release;
		};
		C78900A025E6CCD000A8E1AA /* Debug */ = {
			isa = XCBuildConfiguration;
			buildSettings = {
				ASSETCATALOG_COMPILER_APPICON_NAME = AppIcon;
				ASSETCATALOG_COMPILER_GLOBAL_ACCENT_COLOR_NAME = AccentColor;
				CODE_SIGN_STYLE = Automatic;
				DEVELOPMENT_ASSET_PATHS = "\"I-90 Trailheads/Preview Content\"";
				DEVELOPMENT_TEAM = H43AUM3LA2;
				ENABLE_PREVIEWS = YES;
				INFOPLIST_FILE = "I-90 Trailheads/Info.plist";
				IPHONEOS_DEPLOYMENT_TARGET = 14.0;
				LD_RUNPATH_SEARCH_PATHS = (
					"$(inherited)",
					"@executable_path/Frameworks",
				);
				MARKETING_VERSION = 1.0.1;
				PRODUCT_BUNDLE_IDENTIFIER = "dev.halcyonresearch.I-90-Trailheads";
				PRODUCT_NAME = "$(TARGET_NAME)";
				SWIFT_VERSION = 5.0;
				TARGETED_DEVICE_FAMILY = "1,2";
			};
			name = Debug;
		};
		C78900A125E6CCD000A8E1AA /* Release */ = {
			isa = XCBuildConfiguration;
			buildSettings = {
				ASSETCATALOG_COMPILER_APPICON_NAME = AppIcon;
				ASSETCATALOG_COMPILER_GLOBAL_ACCENT_COLOR_NAME = AccentColor;
				CODE_SIGN_STYLE = Automatic;
				DEVELOPMENT_ASSET_PATHS = "\"I-90 Trailheads/Preview Content\"";
				DEVELOPMENT_TEAM = H43AUM3LA2;
				ENABLE_PREVIEWS = YES;
				INFOPLIST_FILE = "I-90 Trailheads/Info.plist";
				IPHONEOS_DEPLOYMENT_TARGET = 14.0;
				LD_RUNPATH_SEARCH_PATHS = (
					"$(inherited)",
					"@executable_path/Frameworks",
				);
				MARKETING_VERSION = 1.0.1;
				PRODUCT_BUNDLE_IDENTIFIER = "dev.halcyonresearch.I-90-Trailheads";
				PRODUCT_NAME = "$(TARGET_NAME)";
				SWIFT_VERSION = 5.0;
				TARGETED_DEVICE_FAMILY = "1,2";
			};
			name = Release;
		};
		C78900A325E6CCD000A8E1AA /* Debug */ = {
			isa = XCBuildConfiguration;
			buildSettings = {
				ALWAYS_EMBED_SWIFT_STANDARD_LIBRARIES = YES;
				BUNDLE_LOADER = "$(TEST_HOST)";
				CODE_SIGN_STYLE = Automatic;
				DEVELOPMENT_TEAM = H43AUM3LA2;
				INFOPLIST_FILE = "I-90 TrailheadsTests/Info.plist";
				IPHONEOS_DEPLOYMENT_TARGET = 14.0;
				LD_RUNPATH_SEARCH_PATHS = (
					"$(inherited)",
					"@executable_path/Frameworks",
					"@loader_path/Frameworks",
				);
				PRODUCT_BUNDLE_IDENTIFIER = "dev.halcyonresearch.I-90-TrailheadsTests";
				PRODUCT_NAME = "$(TARGET_NAME)";
				SWIFT_VERSION = 5.0;
				TARGETED_DEVICE_FAMILY = "1,2";
				TEST_HOST = "$(BUILT_PRODUCTS_DIR)/I-90 Trailheads.app/I-90 Trailheads";
			};
			name = Debug;
		};
		C78900A425E6CCD000A8E1AA /* Release */ = {
			isa = XCBuildConfiguration;
			buildSettings = {
				ALWAYS_EMBED_SWIFT_STANDARD_LIBRARIES = YES;
				BUNDLE_LOADER = "$(TEST_HOST)";
				CODE_SIGN_STYLE = Automatic;
				DEVELOPMENT_TEAM = H43AUM3LA2;
				INFOPLIST_FILE = "I-90 TrailheadsTests/Info.plist";
				IPHONEOS_DEPLOYMENT_TARGET = 14.0;
				LD_RUNPATH_SEARCH_PATHS = (
					"$(inherited)",
					"@executable_path/Frameworks",
					"@loader_path/Frameworks",
				);
				PRODUCT_BUNDLE_IDENTIFIER = "dev.halcyonresearch.I-90-TrailheadsTests";
				PRODUCT_NAME = "$(TARGET_NAME)";
				SWIFT_VERSION = 5.0;
				TARGETED_DEVICE_FAMILY = "1,2";
				TEST_HOST = "$(BUILT_PRODUCTS_DIR)/I-90 Trailheads.app/I-90 Trailheads";
			};
			name = Release;
		};
		C78900A625E6CCD000A8E1AA /* Debug */ = {
			isa = XCBuildConfiguration;
			buildSettings = {
				ALWAYS_EMBED_SWIFT_STANDARD_LIBRARIES = YES;
				CODE_SIGN_STYLE = Automatic;
				DEVELOPMENT_TEAM = H43AUM3LA2;
				INFOPLIST_FILE = "I-90 TrailheadsUITests/Info.plist";
				LD_RUNPATH_SEARCH_PATHS = (
					"$(inherited)",
					"@executable_path/Frameworks",
					"@loader_path/Frameworks",
				);
				PRODUCT_BUNDLE_IDENTIFIER = "dev.halcyonresearch.I-90-TrailheadsUITests";
				PRODUCT_NAME = "$(TARGET_NAME)";
				SWIFT_VERSION = 5.0;
				TARGETED_DEVICE_FAMILY = "1,2";
				TEST_TARGET_NAME = "I-90 Trailheads";
			};
			name = Debug;
		};
		C78900A725E6CCD000A8E1AA /* Release */ = {
			isa = XCBuildConfiguration;
			buildSettings = {
				ALWAYS_EMBED_SWIFT_STANDARD_LIBRARIES = YES;
				CODE_SIGN_STYLE = Automatic;
				DEVELOPMENT_TEAM = H43AUM3LA2;
				INFOPLIST_FILE = "I-90 TrailheadsUITests/Info.plist";
				LD_RUNPATH_SEARCH_PATHS = (
					"$(inherited)",
					"@executable_path/Frameworks",
					"@loader_path/Frameworks",
				);
				PRODUCT_BUNDLE_IDENTIFIER = "dev.halcyonresearch.I-90-TrailheadsUITests";
				PRODUCT_NAME = "$(TARGET_NAME)";
				SWIFT_VERSION = 5.0;
				TARGETED_DEVICE_FAMILY = "1,2";
				TEST_TARGET_NAME = "I-90 Trailheads";
			};
			name = Release;
		};
/* End XCBuildConfiguration section */

/* Begin XCConfigurationList section */
		C789007525E6CCCE00A8E1AA /* Build configuration list for PBXProject "I-90 Trailheads" */ = {
			isa = XCConfigurationList;
			buildConfigurations = (
				C789009D25E6CCD000A8E1AA /* Debug */,
				C789009E25E6CCD000A8E1AA /* Release */,
			);
			defaultConfigurationIsVisible = 0;
			defaultConfigurationName = Release;
		};
		C789009F25E6CCD000A8E1AA /* Build configuration list for PBXNativeTarget "I-90 Trailheads" */ = {
			isa = XCConfigurationList;
			buildConfigurations = (
				C78900A025E6CCD000A8E1AA /* Debug */,
				C78900A125E6CCD000A8E1AA /* Release */,
			);
			defaultConfigurationIsVisible = 0;
			defaultConfigurationName = Release;
		};
		C78900A225E6CCD000A8E1AA /* Build configuration list for PBXNativeTarget "I-90 TrailheadsTests" */ = {
			isa = XCConfigurationList;
			buildConfigurations = (
				C78900A325E6CCD000A8E1AA /* Debug */,
				C78900A425E6CCD000A8E1AA /* Release */,
			);
			defaultConfigurationIsVisible = 0;
			defaultConfigurationName = Release;
		};
		C78900A525E6CCD000A8E1AA /* Build configuration list for PBXNativeTarget "I-90 TrailheadsUITests" */ = {
			isa = XCConfigurationList;
			buildConfigurations = (
				C78900A625E6CCD000A8E1AA /* Debug */,
				C78900A725E6CCD000A8E1AA /* Release */,
			);
			defaultConfigurationIsVisible = 0;
			defaultConfigurationName = Release;
		};
/* End XCConfigurationList section */
	};
	rootObject = C789007225E6CCCE00A8E1AA /* Project object */;
}
