// !$*UTF8*$!
{
	archiveVersion = 1;
	classes = {
	};
	objectVersion = 50;
	objects = {

/* Begin PBXBuildFile section */
		C77AA67925E300F10036E30C /* Tests_iOS.swift in Sources */ = {isa = PBXBuildFile; fileRef = C77AA67825E300F10036E30C /* Tests_iOS.swift */; };
		C77AA68425E300F10036E30C /* Tests_macOS.swift in Sources */ = {isa = PBXBuildFile; fileRef = C77AA68325E300F10036E30C /* Tests_macOS.swift */; };
		C77AA68625E300F10036E30C /* I_90_TrailheadsApp.swift in Sources */ = {isa = PBXBuildFile; fileRef = C77AA65D25E300F00036E30C /* I_90_TrailheadsApp.swift */; };
		C77AA68725E300F10036E30C /* I_90_TrailheadsApp.swift in Sources */ = {isa = PBXBuildFile; fileRef = C77AA65D25E300F00036E30C /* I_90_TrailheadsApp.swift */; };
		C77AA68825E300F10036E30C /* ContentView.swift in Sources */ = {isa = PBXBuildFile; fileRef = C77AA65E25E300F00036E30C /* ContentView.swift */; };
		C77AA68925E300F10036E30C /* ContentView.swift in Sources */ = {isa = PBXBuildFile; fileRef = C77AA65E25E300F00036E30C /* ContentView.swift */; };
		C77AA68A25E300F10036E30C /* Assets.xcassets in Resources */ = {isa = PBXBuildFile; fileRef = C77AA65F25E300F10036E30C /* Assets.xcassets */; };
		C77AA68B25E300F10036E30C /* Assets.xcassets in Resources */ = {isa = PBXBuildFile; fileRef = C77AA65F25E300F10036E30C /* Assets.xcassets */; };
		C77AA6A225E302B40036E30C /* Trailhead.swift in Sources */ = {isa = PBXBuildFile; fileRef = C77AA6A125E302B40036E30C /* Trailhead.swift */; };
		C77AA6A825E306A70036E30C /* final_trailheads.json in Resources */ = {isa = PBXBuildFile; fileRef = C77AA6A725E306A70036E30C /* final_trailheads.json */; };
		C77AA6AE25E307110036E30C /* ModelData.swift in Sources */ = {isa = PBXBuildFile; fileRef = C77AA6AD25E307110036E30C /* ModelData.swift */; };
		C77AA6B825E309BE0036E30C /* TrailheadList.swift in Sources */ = {isa = PBXBuildFile; fileRef = C77AA6B725E309BE0036E30C /* TrailheadList.swift */; };
		C77AA6BE25E30A280036E30C /* TrailheadRow.swift in Sources */ = {isa = PBXBuildFile; fileRef = C77AA6BD25E30A280036E30C /* TrailheadRow.swift */; };
		C7876CA225E48A47003C0743 /* TrailheadInfo.swift in Sources */ = {isa = PBXBuildFile; fileRef = C7876CA125E48A47003C0743 /* TrailheadInfo.swift */; };
		C7876CA825E48C39003C0743 /* MapView.swift in Sources */ = {isa = PBXBuildFile; fileRef = C7876CA725E48C39003C0743 /* MapView.swift */; };
		C7876CAF25E4CA9C003C0743 /* OpenInMaps.swift in Sources */ = {isa = PBXBuildFile; fileRef = C7876CAE25E4CA9C003C0743 /* OpenInMaps.swift */; };
/* End PBXBuildFile section */

/* Begin PBXContainerItemProxy section */
		C77AA67525E300F10036E30C /* PBXContainerItemProxy */ = {
			isa = PBXContainerItemProxy;
			containerPortal = C77AA65825E300F00036E30C /* Project object */;
			proxyType = 1;
			remoteGlobalIDString = C77AA66325E300F10036E30C;
			remoteInfo = "I-90 Trailheads (iOS)";
		};
		C77AA68025E300F10036E30C /* PBXContainerItemProxy */ = {
			isa = PBXContainerItemProxy;
			containerPortal = C77AA65825E300F00036E30C /* Project object */;
			proxyType = 1;
			remoteGlobalIDString = C77AA66B25E300F10036E30C;
			remoteInfo = "I-90 Trailheads (macOS)";
		};
/* End PBXContainerItemProxy section */

/* Begin PBXFileReference section */
		C77AA65D25E300F00036E30C /* I_90_TrailheadsApp.swift */ = {isa = PBXFileReference; lastKnownFileType = sourcecode.swift; path = I_90_TrailheadsApp.swift; sourceTree = "<group>"; };
		C77AA65E25E300F00036E30C /* ContentView.swift */ = {isa = PBXFileReference; lastKnownFileType = sourcecode.swift; path = ContentView.swift; sourceTree = "<group>"; };
		C77AA65F25E300F10036E30C /* Assets.xcassets */ = {isa = PBXFileReference; lastKnownFileType = folder.assetcatalog; path = Assets.xcassets; sourceTree = "<group>"; };
		C77AA66425E300F10036E30C /* I-90 Trailheads.app */ = {isa = PBXFileReference; explicitFileType = wrapper.application; includeInIndex = 0; path = "I-90 Trailheads.app"; sourceTree = BUILT_PRODUCTS_DIR; };
		C77AA66725E300F10036E30C /* Info.plist */ = {isa = PBXFileReference; lastKnownFileType = text.plist.xml; path = Info.plist; sourceTree = "<group>"; };
		C77AA66C25E300F10036E30C /* I-90 Trailheads.app */ = {isa = PBXFileReference; explicitFileType = wrapper.application; includeInIndex = 0; path = "I-90 Trailheads.app"; sourceTree = BUILT_PRODUCTS_DIR; };
		C77AA66E25E300F10036E30C /* Info.plist */ = {isa = PBXFileReference; lastKnownFileType = text.plist.xml; path = Info.plist; sourceTree = "<group>"; };
		C77AA66F25E300F10036E30C /* macOS.entitlements */ = {isa = PBXFileReference; lastKnownFileType = text.plist.entitlements; path = macOS.entitlements; sourceTree = "<group>"; };
		C77AA67425E300F10036E30C /* Tests iOS.xctest */ = {isa = PBXFileReference; explicitFileType = wrapper.cfbundle; includeInIndex = 0; path = "Tests iOS.xctest"; sourceTree = BUILT_PRODUCTS_DIR; };
		C77AA67825E300F10036E30C /* Tests_iOS.swift */ = {isa = PBXFileReference; lastKnownFileType = sourcecode.swift; path = Tests_iOS.swift; sourceTree = "<group>"; };
		C77AA67A25E300F10036E30C /* Info.plist */ = {isa = PBXFileReference; lastKnownFileType = text.plist.xml; path = Info.plist; sourceTree = "<group>"; };
		C77AA67F25E300F10036E30C /* Tests macOS.xctest */ = {isa = PBXFileReference; explicitFileType = wrapper.cfbundle; includeInIndex = 0; path = "Tests macOS.xctest"; sourceTree = BUILT_PRODUCTS_DIR; };
		C77AA68325E300F10036E30C /* Tests_macOS.swift */ = {isa = PBXFileReference; lastKnownFileType = sourcecode.swift; path = Tests_macOS.swift; sourceTree = "<group>"; };
		C77AA68525E300F10036E30C /* Info.plist */ = {isa = PBXFileReference; lastKnownFileType = text.plist.xml; path = Info.plist; sourceTree = "<group>"; };
		C77AA6A125E302B40036E30C /* Trailhead.swift */ = {isa = PBXFileReference; lastKnownFileType = sourcecode.swift; path = Trailhead.swift; sourceTree = "<group>"; };
		C77AA6A725E306A70036E30C /* final_trailheads.json */ = {isa = PBXFileReference; fileEncoding = 4; lastKnownFileType = text.json; path = final_trailheads.json; sourceTree = "<group>"; };
		C77AA6AD25E307110036E30C /* ModelData.swift */ = {isa = PBXFileReference; lastKnownFileType = sourcecode.swift; path = ModelData.swift; sourceTree = "<group>"; };
		C77AA6B725E309BE0036E30C /* TrailheadList.swift */ = {isa = PBXFileReference; lastKnownFileType = sourcecode.swift; path = TrailheadList.swift; sourceTree = "<group>"; };
		C77AA6BD25E30A280036E30C /* TrailheadRow.swift */ = {isa = PBXFileReference; lastKnownFileType = sourcecode.swift; path = TrailheadRow.swift; sourceTree = "<group>"; };
		C7876CA125E48A47003C0743 /* TrailheadInfo.swift */ = {isa = PBXFileReference; lastKnownFileType = sourcecode.swift; path = TrailheadInfo.swift; sourceTree = "<group>"; };
		C7876CA725E48C39003C0743 /* MapView.swift */ = {isa = PBXFileReference; lastKnownFileType = sourcecode.swift; path = MapView.swift; sourceTree = "<group>"; };
		C7876CAE25E4CA9C003C0743 /* OpenInMaps.swift */ = {isa = PBXFileReference; lastKnownFileType = sourcecode.swift; path = OpenInMaps.swift; sourceTree = "<group>"; };
/* End PBXFileReference section */

/* Begin PBXFrameworksBuildPhase section */
		C77AA66125E300F10036E30C /* Frameworks */ = {
			isa = PBXFrameworksBuildPhase;
			buildActionMask = 2147483647;
			files = (
			);
			runOnlyForDeploymentPostprocessing = 0;
		};
		C77AA66925E300F10036E30C /* Frameworks */ = {
			isa = PBXFrameworksBuildPhase;
			buildActionMask = 2147483647;
			files = (
			);
			runOnlyForDeploymentPostprocessing = 0;
		};
		C77AA67125E300F10036E30C /* Frameworks */ = {
			isa = PBXFrameworksBuildPhase;
			buildActionMask = 2147483647;
			files = (
			);
			runOnlyForDeploymentPostprocessing = 0;
		};
		C77AA67C25E300F10036E30C /* Frameworks */ = {
			isa = PBXFrameworksBuildPhase;
			buildActionMask = 2147483647;
			files = (
			);
			runOnlyForDeploymentPostprocessing = 0;
		};
/* End PBXFrameworksBuildPhase section */

/* Begin PBXGroup section */
		C77AA65725E300F00036E30C = {
			isa = PBXGroup;
			children = (
				C77AA65C25E300F00036E30C /* Shared */,
				C77AA66625E300F10036E30C /* iOS */,
				C77AA66D25E300F10036E30C /* macOS */,
				C77AA67725E300F10036E30C /* Tests iOS */,
				C77AA68225E300F10036E30C /* Tests macOS */,
				C77AA66525E300F10036E30C /* Products */,
			);
			sourceTree = "<group>";
		};
		C77AA65C25E300F00036E30C /* Shared */ = {
			isa = PBXGroup;
			children = (
				C7876CAD25E4CA82003C0743 /* Utilities */,
				C77AA6A025E3015B0036E30C /* Resources */,
				C77AA69F25E3014B0036E30C /* Models */,
				C77AA69E25E3012E0036E30C /* Views */,
				C77AA65D25E300F00036E30C /* I_90_TrailheadsApp.swift */,
				C77AA65F25E300F10036E30C /* Assets.xcassets */,
			);
			path = Shared;
			sourceTree = "<group>";
		};
		C77AA66525E300F10036E30C /* Products */ = {
			isa = PBXGroup;
			children = (
				C77AA66425E300F10036E30C /* I-90 Trailheads.app */,
				C77AA66C25E300F10036E30C /* I-90 Trailheads.app */,
				C77AA67425E300F10036E30C /* Tests iOS.xctest */,
				C77AA67F25E300F10036E30C /* Tests macOS.xctest */,
			);
			name = Products;
			sourceTree = "<group>";
		};
		C77AA66625E300F10036E30C /* iOS */ = {
			isa = PBXGroup;
			children = (
				C77AA66725E300F10036E30C /* Info.plist */,
			);
			path = iOS;
			sourceTree = "<group>";
		};
		C77AA66D25E300F10036E30C /* macOS */ = {
			isa = PBXGroup;
			children = (
				C77AA66E25E300F10036E30C /* Info.plist */,
				C77AA66F25E300F10036E30C /* macOS.entitlements */,
			);
			path = macOS;
			sourceTree = "<group>";
		};
		C77AA67725E300F10036E30C /* Tests iOS */ = {
			isa = PBXGroup;
			children = (
				C77AA67825E300F10036E30C /* Tests_iOS.swift */,
				C77AA67A25E300F10036E30C /* Info.plist */,
			);
			path = "Tests iOS";
			sourceTree = "<group>";
		};
		C77AA68225E300F10036E30C /* Tests macOS */ = {
			isa = PBXGroup;
			children = (
				C77AA68325E300F10036E30C /* Tests_macOS.swift */,
				C77AA68525E300F10036E30C /* Info.plist */,
			);
			path = "Tests macOS";
			sourceTree = "<group>";
		};
		C77AA69E25E3012E0036E30C /* Views */ = {
			isa = PBXGroup;
			children = (
				C77AA65E25E300F00036E30C /* ContentView.swift */,
				C77AA6B725E309BE0036E30C /* TrailheadList.swift */,
				C77AA6BD25E30A280036E30C /* TrailheadRow.swift */,
				C7876CA125E48A47003C0743 /* TrailheadInfo.swift */,
				C7876CA725E48C39003C0743 /* MapView.swift */,
			);
			path = Views;
			sourceTree = "<group>";
		};
		C77AA69F25E3014B0036E30C /* Models */ = {
			isa = PBXGroup;
			children = (
				C77AA6A125E302B40036E30C /* Trailhead.swift */,
				C77AA6AD25E307110036E30C /* ModelData.swift */,
			);
			path = Models;
			sourceTree = "<group>";
		};
		C77AA6A025E3015B0036E30C /* Resources */ = {
			isa = PBXGroup;
			children = (
				C77AA6A725E306A70036E30C /* final_trailheads.json */,
			);
			path = Resources;
			sourceTree = "<group>";
		};
		C7876CAD25E4CA82003C0743 /* Utilities */ = {
			isa = PBXGroup;
			children = (
				C7876CAE25E4CA9C003C0743 /* OpenInMaps.swift */,
			);
			path = Utilities;
			sourceTree = "<group>";
		};
/* End PBXGroup section */

/* Begin PBXNativeTarget section */
		C77AA66325E300F10036E30C /* I-90 Trailheads (iOS) */ = {
			isa = PBXNativeTarget;
			buildConfigurationList = C77AA68E25E300F10036E30C /* Build configuration list for PBXNativeTarget "I-90 Trailheads (iOS)" */;
			buildPhases = (
				C77AA66025E300F10036E30C /* Sources */,
				C77AA66125E300F10036E30C /* Frameworks */,
				C77AA66225E300F10036E30C /* Resources */,
			);
			buildRules = (
			);
			dependencies = (
			);
			name = "I-90 Trailheads (iOS)";
			productName = "I-90 Trailheads (iOS)";
			productReference = C77AA66425E300F10036E30C /* I-90 Trailheads.app */;
			productType = "com.apple.product-type.application";
		};
		C77AA66B25E300F10036E30C /* I-90 Trailheads (macOS) */ = {
			isa = PBXNativeTarget;
			buildConfigurationList = C77AA69125E300F10036E30C /* Build configuration list for PBXNativeTarget "I-90 Trailheads (macOS)" */;
			buildPhases = (
				C77AA66825E300F10036E30C /* Sources */,
				C77AA66925E300F10036E30C /* Frameworks */,
				C77AA66A25E300F10036E30C /* Resources */,
			);
			buildRules = (
			);
			dependencies = (
			);
			name = "I-90 Trailheads (macOS)";
			productName = "I-90 Trailheads (macOS)";
			productReference = C77AA66C25E300F10036E30C /* I-90 Trailheads.app */;
			productType = "com.apple.product-type.application";
		};
		C77AA67325E300F10036E30C /* Tests iOS */ = {
			isa = PBXNativeTarget;
			buildConfigurationList = C77AA69425E300F10036E30C /* Build configuration list for PBXNativeTarget "Tests iOS" */;
			buildPhases = (
				C77AA67025E300F10036E30C /* Sources */,
				C77AA67125E300F10036E30C /* Frameworks */,
				C77AA67225E300F10036E30C /* Resources */,
			);
			buildRules = (
			);
			dependencies = (
				C77AA67625E300F10036E30C /* PBXTargetDependency */,
			);
			name = "Tests iOS";
			productName = "Tests iOS";
			productReference = C77AA67425E300F10036E30C /* Tests iOS.xctest */;
			productType = "com.apple.product-type.bundle.ui-testing";
		};
		C77AA67E25E300F10036E30C /* Tests macOS */ = {
			isa = PBXNativeTarget;
			buildConfigurationList = C77AA69725E300F10036E30C /* Build configuration list for PBXNativeTarget "Tests macOS" */;
			buildPhases = (
				C77AA67B25E300F10036E30C /* Sources */,
				C77AA67C25E300F10036E30C /* Frameworks */,
				C77AA67D25E300F10036E30C /* Resources */,
			);
			buildRules = (
			);
			dependencies = (
				C77AA68125E300F10036E30C /* PBXTargetDependency */,
			);
			name = "Tests macOS";
			productName = "Tests macOS";
			productReference = C77AA67F25E300F10036E30C /* Tests macOS.xctest */;
			productType = "com.apple.product-type.bundle.ui-testing";
		};
/* End PBXNativeTarget section */

/* Begin PBXProject section */
		C77AA65825E300F00036E30C /* Project object */ = {
			isa = PBXProject;
			attributes = {
				LastSwiftUpdateCheck = 1240;
				LastUpgradeCheck = 1240;
				TargetAttributes = {
					C77AA66325E300F10036E30C = {
						CreatedOnToolsVersion = 12.4;
					};
					C77AA66B25E300F10036E30C = {
						CreatedOnToolsVersion = 12.4;
					};
					C77AA67325E300F10036E30C = {
						CreatedOnToolsVersion = 12.4;
						TestTargetID = C77AA66325E300F10036E30C;
					};
					C77AA67E25E300F10036E30C = {
						CreatedOnToolsVersion = 12.4;
						TestTargetID = C77AA66B25E300F10036E30C;
					};
				};
			};
			buildConfigurationList = C77AA65B25E300F00036E30C /* Build configuration list for PBXProject "I-90 Trailheads" */;
			compatibilityVersion = "Xcode 9.3";
			developmentRegion = en;
			hasScannedForEncodings = 0;
			knownRegions = (
				en,
				Base,
			);
			mainGroup = C77AA65725E300F00036E30C;
			productRefGroup = C77AA66525E300F10036E30C /* Products */;
			projectDirPath = "";
			projectRoot = "";
			targets = (
				C77AA66325E300F10036E30C /* I-90 Trailheads (iOS) */,
				C77AA66B25E300F10036E30C /* I-90 Trailheads (macOS) */,
				C77AA67325E300F10036E30C /* Tests iOS */,
				C77AA67E25E300F10036E30C /* Tests macOS */,
			);
		};
/* End PBXProject section */

/* Begin PBXResourcesBuildPhase section */
		C77AA66225E300F10036E30C /* Resources */ = {
			isa = PBXResourcesBuildPhase;
			buildActionMask = 2147483647;
			files = (
				C77AA68A25E300F10036E30C /* Assets.xcassets in Resources */,
				C77AA6A825E306A70036E30C /* final_trailheads.json in Resources */,
			);
			runOnlyForDeploymentPostprocessing = 0;
		};
		C77AA66A25E300F10036E30C /* Resources */ = {
			isa = PBXResourcesBuildPhase;
			buildActionMask = 2147483647;
			files = (
				C77AA68B25E300F10036E30C /* Assets.xcassets in Resources */,
			);
			runOnlyForDeploymentPostprocessing = 0;
		};
		C77AA67225E300F10036E30C /* Resources */ = {
			isa = PBXResourcesBuildPhase;
			buildActionMask = 2147483647;
			files = (
			);
			runOnlyForDeploymentPostprocessing = 0;
		};
		C77AA67D25E300F10036E30C /* Resources */ = {
			isa = PBXResourcesBuildPhase;
			buildActionMask = 2147483647;
			files = (
			);
			runOnlyForDeploymentPostprocessing = 0;
		};
/* End PBXResourcesBuildPhase section */

/* Begin PBXSourcesBuildPhase section */
		C77AA66025E300F10036E30C /* Sources */ = {
			isa = PBXSourcesBuildPhase;
			buildActionMask = 2147483647;
			files = (
				C7876CAF25E4CA9C003C0743 /* OpenInMaps.swift in Sources */,
				C77AA68825E300F10036E30C /* ContentView.swift in Sources */,
				C7876CA825E48C39003C0743 /* MapView.swift in Sources */,
				C77AA6AE25E307110036E30C /* ModelData.swift in Sources */,
				C77AA68625E300F10036E30C /* I_90_TrailheadsApp.swift in Sources */,
				C7876CA225E48A47003C0743 /* TrailheadInfo.swift in Sources */,
				C77AA6BE25E30A280036E30C /* TrailheadRow.swift in Sources */,
				C77AA6A225E302B40036E30C /* Trailhead.swift in Sources */,
				C77AA6B825E309BE0036E30C /* TrailheadList.swift in Sources */,
			);
			runOnlyForDeploymentPostprocessing = 0;
		};
		C77AA66825E300F10036E30C /* Sources */ = {
			isa = PBXSourcesBuildPhase;
			buildActionMask = 2147483647;
			files = (
				C77AA68925E300F10036E30C /* ContentView.swift in Sources */,
				C77AA68725E300F10036E30C /* I_90_TrailheadsApp.swift in Sources */,
			);
			runOnlyForDeploymentPostprocessing = 0;
		};
		C77AA67025E300F10036E30C /* Sources */ = {
			isa = PBXSourcesBuildPhase;
			buildActionMask = 2147483647;
			files = (
				C77AA67925E300F10036E30C /* Tests_iOS.swift in Sources */,
			);
			runOnlyForDeploymentPostprocessing = 0;
		};
		C77AA67B25E300F10036E30C /* Sources */ = {
			isa = PBXSourcesBuildPhase;
			buildActionMask = 2147483647;
			files = (
				C77AA68425E300F10036E30C /* Tests_macOS.swift in Sources */,
			);
			runOnlyForDeploymentPostprocessing = 0;
		};
/* End PBXSourcesBuildPhase section */

/* Begin PBXTargetDependency section */
		C77AA67625E300F10036E30C /* PBXTargetDependency */ = {
			isa = PBXTargetDependency;
			target = C77AA66325E300F10036E30C /* I-90 Trailheads (iOS) */;
			targetProxy = C77AA67525E300F10036E30C /* PBXContainerItemProxy */;
		};
		C77AA68125E300F10036E30C /* PBXTargetDependency */ = {
			isa = PBXTargetDependency;
			target = C77AA66B25E300F10036E30C /* I-90 Trailheads (macOS) */;
			targetProxy = C77AA68025E300F10036E30C /* PBXContainerItemProxy */;
		};
/* End PBXTargetDependency section */

/* Begin XCBuildConfiguration section */
		C77AA68C25E300F10036E30C /* Debug */ = {
			isa = XCBuildConfiguration;
			buildSettings = {
				ALWAYS_SEARCH_USER_PATHS = NO;
				CLANG_ANALYZER_NONNULL = YES;
				CLANG_ANALYZER_NUMBER_OBJECT_CONVERSION = YES_AGGRESSIVE;
				CLANG_CXX_LANGUAGE_STANDARD = "gnu++14";
				CLANG_CXX_LIBRARY = "libc++";
				CLANG_ENABLE_MODULES = YES;
				CLANG_ENABLE_OBJC_ARC = YES;
				CLANG_ENABLE_OBJC_WEAK = YES;
				CLANG_WARN_BLOCK_CAPTURE_AUTORELEASING = YES;
				CLANG_WARN_BOOL_CONVERSION = YES;
				CLANG_WARN_COMMA = YES;
				CLANG_WARN_CONSTANT_CONVERSION = YES;
				CLANG_WARN_DEPRECATED_OBJC_IMPLEMENTATIONS = YES;
				CLANG_WARN_DIRECT_OBJC_ISA_USAGE = YES_ERROR;
				CLANG_WARN_DOCUMENTATION_COMMENTS = YES;
				CLANG_WARN_EMPTY_BODY = YES;
				CLANG_WARN_ENUM_CONVERSION = YES;
				CLANG_WARN_INFINITE_RECURSION = YES;
				CLANG_WARN_INT_CONVERSION = YES;
				CLANG_WARN_NON_LITERAL_NULL_CONVERSION = YES;
				CLANG_WARN_OBJC_IMPLICIT_RETAIN_SELF = YES;
				CLANG_WARN_OBJC_LITERAL_CONVERSION = YES;
				CLANG_WARN_OBJC_ROOT_CLASS = YES_ERROR;
				CLANG_WARN_QUOTED_INCLUDE_IN_FRAMEWORK_HEADER = YES;
				CLANG_WARN_RANGE_LOOP_ANALYSIS = YES;
				CLANG_WARN_STRICT_PROTOTYPES = YES;
				CLANG_WARN_SUSPICIOUS_MOVE = YES;
				CLANG_WARN_UNGUARDED_AVAILABILITY = YES_AGGRESSIVE;
				CLANG_WARN_UNREACHABLE_CODE = YES;
				CLANG_WARN__DUPLICATE_METHOD_MATCH = YES;
				COPY_PHASE_STRIP = NO;
				DEBUG_INFORMATION_FORMAT = dwarf;
				ENABLE_STRICT_OBJC_MSGSEND = YES;
				ENABLE_TESTABILITY = YES;
				GCC_C_LANGUAGE_STANDARD = gnu11;
				GCC_DYNAMIC_NO_PIC = NO;
				GCC_NO_COMMON_BLOCKS = YES;
				GCC_OPTIMIZATION_LEVEL = 0;
				GCC_PREPROCESSOR_DEFINITIONS = (
					"DEBUG=1",
					"$(inherited)",
				);
				GCC_WARN_64_TO_32_BIT_CONVERSION = YES;
				GCC_WARN_ABOUT_RETURN_TYPE = YES_ERROR;
				GCC_WARN_UNDECLARED_SELECTOR = YES;
				GCC_WARN_UNINITIALIZED_AUTOS = YES_AGGRESSIVE;
				GCC_WARN_UNUSED_FUNCTION = YES;
				GCC_WARN_UNUSED_VARIABLE = YES;
				MTL_ENABLE_DEBUG_INFO = INCLUDE_SOURCE;
				MTL_FAST_MATH = YES;
				ONLY_ACTIVE_ARCH = YES;
				SWIFT_ACTIVE_COMPILATION_CONDITIONS = DEBUG;
				SWIFT_OPTIMIZATION_LEVEL = "-Onone";
			};
			name = Debug;
		};
		C77AA68D25E300F10036E30C /* Release */ = {
			isa = XCBuildConfiguration;
			buildSettings = {
				ALWAYS_SEARCH_USER_PATHS = NO;
				CLANG_ANALYZER_NONNULL = YES;
				CLANG_ANALYZER_NUMBER_OBJECT_CONVERSION = YES_AGGRESSIVE;
				CLANG_CXX_LANGUAGE_STANDARD = "gnu++14";
				CLANG_CXX_LIBRARY = "libc++";
				CLANG_ENABLE_MODULES = YES;
				CLANG_ENABLE_OBJC_ARC = YES;
				CLANG_ENABLE_OBJC_WEAK = YES;
				CLANG_WARN_BLOCK_CAPTURE_AUTORELEASING = YES;
				CLANG_WARN_BOOL_CONVERSION = YES;
				CLANG_WARN_COMMA = YES;
				CLANG_WARN_CONSTANT_CONVERSION = YES;
				CLANG_WARN_DEPRECATED_OBJC_IMPLEMENTATIONS = YES;
				CLANG_WARN_DIRECT_OBJC_ISA_USAGE = YES_ERROR;
				CLANG_WARN_DOCUMENTATION_COMMENTS = YES;
				CLANG_WARN_EMPTY_BODY = YES;
				CLANG_WARN_ENUM_CONVERSION = YES;
				CLANG_WARN_INFINITE_RECURSION = YES;
				CLANG_WARN_INT_CONVERSION = YES;
				CLANG_WARN_NON_LITERAL_NULL_CONVERSION = YES;
				CLANG_WARN_OBJC_IMPLICIT_RETAIN_SELF = YES;
				CLANG_WARN_OBJC_LITERAL_CONVERSION = YES;
				CLANG_WARN_OBJC_ROOT_CLASS = YES_ERROR;
				CLANG_WARN_QUOTED_INCLUDE_IN_FRAMEWORK_HEADER = YES;
				CLANG_WARN_RANGE_LOOP_ANALYSIS = YES;
				CLANG_WARN_STRICT_PROTOTYPES = YES;
				CLANG_WARN_SUSPICIOUS_MOVE = YES;
				CLANG_WARN_UNGUARDED_AVAILABILITY = YES_AGGRESSIVE;
				CLANG_WARN_UNREACHABLE_CODE = YES;
				CLANG_WARN__DUPLICATE_METHOD_MATCH = YES;
				COPY_PHASE_STRIP = NO;
				DEBUG_INFORMATION_FORMAT = "dwarf-with-dsym";
				ENABLE_NS_ASSERTIONS = NO;
				ENABLE_STRICT_OBJC_MSGSEND = YES;
				GCC_C_LANGUAGE_STANDARD = gnu11;
				GCC_NO_COMMON_BLOCKS = YES;
				GCC_WARN_64_TO_32_BIT_CONVERSION = YES;
				GCC_WARN_ABOUT_RETURN_TYPE = YES_ERROR;
				GCC_WARN_UNDECLARED_SELECTOR = YES;
				GCC_WARN_UNINITIALIZED_AUTOS = YES_AGGRESSIVE;
				GCC_WARN_UNUSED_FUNCTION = YES;
				GCC_WARN_UNUSED_VARIABLE = YES;
				MTL_ENABLE_DEBUG_INFO = NO;
				MTL_FAST_MATH = YES;
				SWIFT_COMPILATION_MODE = wholemodule;
				SWIFT_OPTIMIZATION_LEVEL = "-O";
			};
			name = Release;
		};
		C77AA68F25E300F10036E30C /* Debug */ = {
			isa = XCBuildConfiguration;
			buildSettings = {
				ASSETCATALOG_COMPILER_APPICON_NAME = AppIcon;
				ASSETCATALOG_COMPILER_GLOBAL_ACCENT_COLOR_NAME = AccentColor;
				CODE_SIGN_STYLE = Automatic;
				DEVELOPMENT_TEAM = H43AUM3LA2;
				ENABLE_PREVIEWS = YES;
				INFOPLIST_FILE = iOS/Info.plist;
				IPHONEOS_DEPLOYMENT_TARGET = 14.0;
				LD_RUNPATH_SEARCH_PATHS = (
					"$(inherited)",
					"@executable_path/Frameworks",
				);
				PRODUCT_BUNDLE_IDENTIFIER = "dev.halcyonresearch.I-90-Trailheads";
				PRODUCT_NAME = "I-90 Trailheads";
				SDKROOT = iphoneos;
				SWIFT_VERSION = 5.0;
				TARGETED_DEVICE_FAMILY = "1,2";
			};
			name = Debug;
		};
		C77AA69025E300F10036E30C /* Release */ = {
			isa = XCBuildConfiguration;
			buildSettings = {
				ASSETCATALOG_COMPILER_APPICON_NAME = AppIcon;
				ASSETCATALOG_COMPILER_GLOBAL_ACCENT_COLOR_NAME = AccentColor;
				CODE_SIGN_STYLE = Automatic;
				DEVELOPMENT_TEAM = H43AUM3LA2;
				ENABLE_PREVIEWS = YES;
				INFOPLIST_FILE = iOS/Info.plist;
				IPHONEOS_DEPLOYMENT_TARGET = 14.0;
				LD_RUNPATH_SEARCH_PATHS = (
					"$(inherited)",
					"@executable_path/Frameworks",
				);
				PRODUCT_BUNDLE_IDENTIFIER = "dev.halcyonresearch.I-90-Trailheads";
				PRODUCT_NAME = "I-90 Trailheads";
				SDKROOT = iphoneos;
				SWIFT_VERSION = 5.0;
				TARGETED_DEVICE_FAMILY = "1,2";
				VALIDATE_PRODUCT = YES;
			};
			name = Release;
		};
		C77AA69225E300F10036E30C /* Debug */ = {
			isa = XCBuildConfiguration;
			buildSettings = {
				ASSETCATALOG_COMPILER_APPICON_NAME = AppIcon;
				ASSETCATALOG_COMPILER_GLOBAL_ACCENT_COLOR_NAME = AccentColor;
				CODE_SIGN_ENTITLEMENTS = macOS/macOS.entitlements;
				CODE_SIGN_STYLE = Automatic;
				COMBINE_HIDPI_IMAGES = YES;
				DEVELOPMENT_TEAM = H43AUM3LA2;
				ENABLE_HARDENED_RUNTIME = YES;
				ENABLE_PREVIEWS = YES;
				INFOPLIST_FILE = macOS/Info.plist;
				LD_RUNPATH_SEARCH_PATHS = (
					"$(inherited)",
					"@executable_path/../Frameworks",
				);
				MACOSX_DEPLOYMENT_TARGET = 11.0;
				PRODUCT_BUNDLE_IDENTIFIER = "dev.halcyonresearch.I-90-Trailheads";
				PRODUCT_NAME = "I-90 Trailheads";
				SDKROOT = macosx;
				SWIFT_VERSION = 5.0;
			};
			name = Debug;
		};
		C77AA69325E300F10036E30C /* Release */ = {
			isa = XCBuildConfiguration;
			buildSettings = {
				ASSETCATALOG_COMPILER_APPICON_NAME = AppIcon;
				ASSETCATALOG_COMPILER_GLOBAL_ACCENT_COLOR_NAME = AccentColor;
				CODE_SIGN_ENTITLEMENTS = macOS/macOS.entitlements;
				CODE_SIGN_STYLE = Automatic;
				COMBINE_HIDPI_IMAGES = YES;
				DEVELOPMENT_TEAM = H43AUM3LA2;
				ENABLE_HARDENED_RUNTIME = YES;
				ENABLE_PREVIEWS = YES;
				INFOPLIST_FILE = macOS/Info.plist;
				LD_RUNPATH_SEARCH_PATHS = (
					"$(inherited)",
					"@executable_path/../Frameworks",
				);
				MACOSX_DEPLOYMENT_TARGET = 11.0;
				PRODUCT_BUNDLE_IDENTIFIER = "dev.halcyonresearch.I-90-Trailheads";
				PRODUCT_NAME = "I-90 Trailheads";
				SDKROOT = macosx;
				SWIFT_VERSION = 5.0;
			};
			name = Release;
		};
		C77AA69525E300F10036E30C /* Debug */ = {
			isa = XCBuildConfiguration;
			buildSettings = {
				ALWAYS_EMBED_SWIFT_STANDARD_LIBRARIES = YES;
				CODE_SIGN_STYLE = Automatic;
				DEVELOPMENT_TEAM = H43AUM3LA2;
				INFOPLIST_FILE = "Tests iOS/Info.plist";
				IPHONEOS_DEPLOYMENT_TARGET = 14.4;
				LD_RUNPATH_SEARCH_PATHS = (
					"$(inherited)",
					"@executable_path/Frameworks",
					"@loader_path/Frameworks",
				);
				PRODUCT_BUNDLE_IDENTIFIER = "dev.halcyonresearch.Tests-iOS";
				PRODUCT_NAME = "$(TARGET_NAME)";
				SDKROOT = iphoneos;
				SWIFT_VERSION = 5.0;
				TARGETED_DEVICE_FAMILY = "1,2";
				TEST_TARGET_NAME = "I-90 Trailheads (iOS)";
			};
			name = Debug;
		};
		C77AA69625E300F10036E30C /* Release */ = {
			isa = XCBuildConfiguration;
			buildSettings = {
				ALWAYS_EMBED_SWIFT_STANDARD_LIBRARIES = YES;
				CODE_SIGN_STYLE = Automatic;
				DEVELOPMENT_TEAM = H43AUM3LA2;
				INFOPLIST_FILE = "Tests iOS/Info.plist";
				IPHONEOS_DEPLOYMENT_TARGET = 14.4;
				LD_RUNPATH_SEARCH_PATHS = (
					"$(inherited)",
					"@executable_path/Frameworks",
					"@loader_path/Frameworks",
				);
				PRODUCT_BUNDLE_IDENTIFIER = "dev.halcyonresearch.Tests-iOS";
				PRODUCT_NAME = "$(TARGET_NAME)";
				SDKROOT = iphoneos;
				SWIFT_VERSION = 5.0;
				TARGETED_DEVICE_FAMILY = "1,2";
				TEST_TARGET_NAME = "I-90 Trailheads (iOS)";
				VALIDATE_PRODUCT = YES;
			};
			name = Release;
		};
		C77AA69825E300F10036E30C /* Debug */ = {
			isa = XCBuildConfiguration;
			buildSettings = {
				ALWAYS_EMBED_SWIFT_STANDARD_LIBRARIES = YES;
				CODE_SIGN_STYLE = Automatic;
				COMBINE_HIDPI_IMAGES = YES;
				DEVELOPMENT_TEAM = H43AUM3LA2;
				INFOPLIST_FILE = "Tests macOS/Info.plist";
				LD_RUNPATH_SEARCH_PATHS = (
					"$(inherited)",
					"@executable_path/../Frameworks",
					"@loader_path/../Frameworks",
				);
				MACOSX_DEPLOYMENT_TARGET = 11.0;
				PRODUCT_BUNDLE_IDENTIFIER = "dev.halcyonresearch.Tests-macOS";
				PRODUCT_NAME = "$(TARGET_NAME)";
				SDKROOT = macosx;
				SWIFT_VERSION = 5.0;
				TEST_TARGET_NAME = "I-90 Trailheads (macOS)";
			};
			name = Debug;
		};
		C77AA69925E300F10036E30C /* Release */ = {
			isa = XCBuildConfiguration;
			buildSettings = {
				ALWAYS_EMBED_SWIFT_STANDARD_LIBRARIES = YES;
				CODE_SIGN_STYLE = Automatic;
				COMBINE_HIDPI_IMAGES = YES;
				DEVELOPMENT_TEAM = H43AUM3LA2;
				INFOPLIST_FILE = "Tests macOS/Info.plist";
				LD_RUNPATH_SEARCH_PATHS = (
					"$(inherited)",
					"@executable_path/../Frameworks",
					"@loader_path/../Frameworks",
				);
				MACOSX_DEPLOYMENT_TARGET = 11.0;
				PRODUCT_BUNDLE_IDENTIFIER = "dev.halcyonresearch.Tests-macOS";
				PRODUCT_NAME = "$(TARGET_NAME)";
				SDKROOT = macosx;
				SWIFT_VERSION = 5.0;
				TEST_TARGET_NAME = "I-90 Trailheads (macOS)";
			};
			name = Release;
		};
/* End XCBuildConfiguration section */

/* Begin XCConfigurationList section */
		C77AA65B25E300F00036E30C /* Build configuration list for PBXProject "I-90 Trailheads" */ = {
			isa = XCConfigurationList;
			buildConfigurations = (
				C77AA68C25E300F10036E30C /* Debug */,
				C77AA68D25E300F10036E30C /* Release */,
			);
			defaultConfigurationIsVisible = 0;
			defaultConfigurationName = Release;
		};
		C77AA68E25E300F10036E30C /* Build configuration list for PBXNativeTarget "I-90 Trailheads (iOS)" */ = {
			isa = XCConfigurationList;
			buildConfigurations = (
				C77AA68F25E300F10036E30C /* Debug */,
				C77AA69025E300F10036E30C /* Release */,
			);
			defaultConfigurationIsVisible = 0;
			defaultConfigurationName = Release;
		};
		C77AA69125E300F10036E30C /* Build configuration list for PBXNativeTarget "I-90 Trailheads (macOS)" */ = {
			isa = XCConfigurationList;
			buildConfigurations = (
				C77AA69225E300F10036E30C /* Debug */,
				C77AA69325E300F10036E30C /* Release */,
			);
			defaultConfigurationIsVisible = 0;
			defaultConfigurationName = Release;
		};
		C77AA69425E300F10036E30C /* Build configuration list for PBXNativeTarget "Tests iOS" */ = {
			isa = XCConfigurationList;
			buildConfigurations = (
				C77AA69525E300F10036E30C /* Debug */,
				C77AA69625E300F10036E30C /* Release */,
			);
			defaultConfigurationIsVisible = 0;
			defaultConfigurationName = Release;
		};
		C77AA69725E300F10036E30C /* Build configuration list for PBXNativeTarget "Tests macOS" */ = {
			isa = XCConfigurationList;
			buildConfigurations = (
				C77AA69825E300F10036E30C /* Debug */,
				C77AA69925E300F10036E30C /* Release */,
			);
			defaultConfigurationIsVisible = 0;
			defaultConfigurationName = Release;
		};
/* End XCConfigurationList section */
	};
	rootObject = C77AA65825E300F00036E30C /* Project object */;
}
